
Microsoft Visual Studio Solution File, Format Version 12.00
# Visual Studio Version 17
VisualStudioVersion = 17.0.31903.59
MinimumVisualStudioVersion = 10.0.40219.1
Project("{2150E333-8FDC-42A3-9474-1A3956D46DE8}") = "src", "src", "{827E0CD3-B72D-47B6-A68D-7590B98EB39B}"
EndProject
Project("{2150E333-8FDC-42A3-9474-1A3956D46DE8}") = "Gateway", "Gateway", "{6306A8FB-679E-111F-6585-8F70E0EE6013}"
EndProject
Project("{FAE04EC0-301F-11D3-BF4B-00C04F79EFBC}") = "ChatLab.Gateway", "src\Gateway\ChatLab.Gateway.csproj", "{B58D1CBF-EEBE-4B15-9D67-15E59ACB0809}"
EndProject
Project("{FAE04EC0-301F-11D3-BF4B-00C04F79EFBC}") = "ChatLab.CoreService", "src\Services\CoreService\ChatLab.CoreService.csproj", "{24AFE42D-F77D-480B-973A-3F8EB1BE9933}"
EndProject
Project("{2150E333-8FDC-42A3-9474-1A3956D46DE8}") = "Services", "Services", "{984BB9B3-3FA3-BE33-9484-CAC21695A33C}"
EndProject
Project("{2150E333-8FDC-42A3-9474-1A3956D46DE8}") = "RtHubService", "RtHubService", "{7CE74D83-7D3A-3F7D-3023-816691E85B02}"
EndProject
Project("{FAE04EC0-301F-11D3-BF4B-00C04F79EFBC}") = "ChatLab.RtHubService", "src\Services\RtHubService\ChatLab.RtHubService.csproj", "{C3E3379B-B566-4A39-9B52-8F55076787DF}"
EndProject
Global
	GlobalSection(SolutionConfigurationPlatforms) = preSolution
		Debug|Any CPU = Debug|Any CPU
		Debug|x64 = Debug|x64
		Debug|x86 = Debug|x86
		Release|Any CPU = Release|Any CPU
		Release|x64 = Release|x64
		Release|x86 = Release|x86
	EndGlobalSection
	GlobalSection(ProjectConfigurationPlatforms) = postSolution
		{B58D1CBF-EEBE-4B15-9D67-15E59ACB0809}.Debug|Any CPU.ActiveCfg = Debug|Any CPU
		{B58D1CBF-EEBE-4B15-9D67-15E59ACB0809}.Debug|Any CPU.Build.0 = Debug|Any CPU
		{B58D1CBF-EEBE-4B15-9D67-15E59ACB0809}.Debug|x64.ActiveCfg = Debug|Any CPU
		{B58D1CBF-EEBE-4B15-9D67-15E59ACB0809}.Debug|x64.Build.0 = Debug|Any CPU
		{B58D1CBF-EEBE-4B15-9D67-15E59ACB0809}.Debug|x86.ActiveCfg = Debug|Any CPU
		{B58D1CBF-EEBE-4B15-9D67-15E59ACB0809}.Debug|x86.Build.0 = Debug|Any CPU
		{B58D1CBF-EEBE-4B15-9D67-15E59ACB0809}.Release|Any CPU.ActiveCfg = Release|Any CPU
		{B58D1CBF-EEBE-4B15-9D67-15E59ACB0809}.Release|Any CPU.Build.0 = Release|Any CPU
		{B58D1CBF-EEBE-4B15-9D67-15E59ACB0809}.Release|x64.ActiveCfg = Release|Any CPU
		{B58D1CBF-EEBE-4B15-9D67-15E59ACB0809}.Release|x64.Build.0 = Release|Any CPU
		{B58D1CBF-EEBE-4B15-9D67-15E59ACB0809}.Release|x86.ActiveCfg = Release|Any CPU
		{B58D1CBF-EEBE-4B15-9D67-15E59ACB0809}.Release|x86.Build.0 = Release|Any CPU
		{24AFE42D-F77D-480B-973A-3F8EB1BE9933}.Debug|Any CPU.ActiveCfg = Debug|Any CPU
		{24AFE42D-F77D-480B-973A-3F8EB1BE9933}.Debug|Any CPU.Build.0 = Debug|Any CPU
		{24AFE42D-F77D-480B-973A-3F8EB1BE9933}.Debug|x64.ActiveCfg = Debug|Any CPU
		{24AFE42D-F77D-480B-973A-3F8EB1BE9933}.Debug|x64.Build.0 = Debug|Any CPU
		{24AFE42D-F77D-480B-973A-3F8EB1BE9933}.Debug|x86.ActiveCfg = Debug|Any CPU
		{24AFE42D-F77D-480B-973A-3F8EB1BE9933}.Debug|x86.Build.0 = Debug|Any CPU
		{24AFE42D-F77D-480B-973A-3F8EB1BE9933}.Release|Any CPU.ActiveCfg = Release|Any CPU
		{24AFE42D-F77D-480B-973A-3F8EB1BE9933}.Release|Any CPU.Build.0 = Release|Any CPU
		{24AFE42D-F77D-480B-973A-3F8EB1BE9933}.Release|x64.ActiveCfg = Release|Any CPU
		{24AFE42D-F77D-480B-973A-3F8EB1BE9933}.Release|x64.Build.0 = Release|Any CPU
		{24AFE42D-F77D-480B-973A-3F8EB1BE9933}.Release|x86.ActiveCfg = Release|Any CPU
		{24AFE42D-F77D-480B-973A-3F8EB1BE9933}.Release|x86.Build.0 = Release|Any CPU
		{C3E3379B-B566-4A39-9B52-8F55076787DF}.Debug|Any CPU.ActiveCfg = Debug|Any CPU
		{C3E3379B-B566-4A39-9B52-8F55076787DF}.Debug|Any CPU.Build.0 = Debug|Any CPU
		{C3E3379B-B566-4A39-9B52-8F55076787DF}.Debug|x64.ActiveCfg = Debug|Any CPU
		{C3E3379B-B566-4A39-9B52-8F55076787DF}.Debug|x64.Build.0 = Debug|Any CPU
		{C3E3379B-B566-4A39-9B52-8F55076787DF}.Debug|x86.ActiveCfg = Debug|Any CPU
		{C3E3379B-B566-4A39-9B52-8F55076787DF}.Debug|x86.Build.0 = Debug|Any CPU
		{C3E3379B-B566-4A39-9B52-8F55076787DF}.Release|Any CPU.ActiveCfg = Release|Any CPU
		{C3E3379B-B566-4A39-9B52-8F55076787DF}.Release|Any CPU.Build.0 = Release|Any CPU
		{C3E3379B-B566-4A39-9B52-8F55076787DF}.Release|x64.ActiveCfg = Release|Any CPU
		{C3E3379B-B566-4A39-9B52-8F55076787DF}.Release|x64.Build.0 = Release|Any CPU
		{C3E3379B-B566-4A39-9B52-8F55076787DF}.Release|x86.ActiveCfg = Release|Any CPU
		{C3E3379B-B566-4A39-9B52-8F55076787DF}.Release|x86.Build.0 = Release|Any CPU
	EndGlobalSection
	GlobalSection(SolutionProperties) = preSolution
		HideSolutionNode = FALSE
	EndGlobalSection
	GlobalSection(NestedProjects) = preSolution
		{6306A8FB-679E-111F-6585-8F70E0EE6013} = {827E0CD3-B72D-47B6-A68D-7590B98EB39B}
		{B58D1CBF-EEBE-4B15-9D67-15E59ACB0809} = {6306A8FB-679E-111F-6585-8F70E0EE6013}
		{24AFE42D-F77D-480B-973A-3F8EB1BE9933} = {6306A8FB-679E-111F-6585-8F70E0EE6013}
		{984BB9B3-3FA3-BE33-9484-CAC21695A33C} = {827E0CD3-B72D-47B6-A68D-7590B98EB39B}
		{7CE74D83-7D3A-3F7D-3023-816691E85B02} = {984BB9B3-3FA3-BE33-9484-CAC21695A33C}
		{C3E3379B-B566-4A39-9B52-8F55076787DF} = {7CE74D83-7D3A-3F7D-3023-816691E85B02}
	EndGlobalSection
EndGlobal
