
Microsoft Visual Studio Solution File, Format Version 12.00
# Visual Studio Version 17
VisualStudioVersion = 17.0.31903.59
MinimumVisualStudioVersion = 10.0.40219.1
Project("{2150E333-8FDC-42A3-9474-1A3956D46DE8}") = "src", "src", "{827E0CD3-B72D-47B6-A68D-7590B98EB39B}"
EndProject
Project("{2150E333-8FDC-42A3-9474-1A3956D46DE8}") = "Gateway", "Gateway", "{6306A8FB-679E-111F-6585-8F70E0EE6013}"
EndProject
Project("{FAE04EC0-301F-11D3-BF4B-00C04F79EFBC}") = "ChatLab.Gateway", "src\Gateway\ChatLab.Gateway.csproj", "{B58D1CBF-EEBE-4B15-9D67-15E59ACB0809}"
EndProject
Project("{FAE04EC0-301F-11D3-BF4B-00C04F79EFBC}") = "ChatLab.CoreService", "src\Services\CoreService\ChatLab.CoreService.csproj", "{24AFE42D-F77D-480B-973A-3F8EB1BE9933}"
EndProject
Project("{FAE04EC0-301F-11D3-BF4B-00C04F79EFBC}") = "ChatLab.SignalRService", "src\Services\SignalRService\ChatLab.SignalRService.csproj", "{0394B486-F026-42A3-BA46-FA078E692706}"
EndProject
Project("{FAE04EC0-301F-11D3-BF4B-00C04F79EFBC}") = "ChatLab.WebSocketService", "src\Services\WebSocketService\ChatLab.WebSocketService.csproj", "{826DADDD-0458-4D5E-BF8B-8A2D5DFD0DEE}"
EndProject
Project("{FAE04EC0-301F-11D3-BF4B-00C04F79EFBC}") = "ChatLab.PollingService", "src\Services\PollingService\ChatLab.PollingService.csproj", "{7DEA6A04-327F-4717-B6F2-1FDE0DFBC936}"
EndProject
Project("{FAE04EC0-301F-11D3-BF4B-00C04F79EFBC}") = "ChatLab.GrpcService", "src\Services\GrpcService\ChatLab.GrpcService.csproj", "{116A19DF-71D5-4522-A62D-6F156D407240}"
EndProject
Project("{FAE04EC0-301F-11D3-BF4B-00C04F79EFBC}") = "ChatLab.SseService", "src\Services\SseService\ChatLab.SseService.csproj", "{AEB380D8-A5B0-4D40-BB7A-9AA7CD9B1C92}"
EndProject
Global
	GlobalSection(SolutionConfigurationPlatforms) = preSolution
		Debug|Any CPU = Debug|Any CPU
		Debug|x64 = Debug|x64
		Debug|x86 = Debug|x86
		Release|Any CPU = Release|Any CPU
		Release|x64 = Release|x64
		Release|x86 = Release|x86
	EndGlobalSection
	GlobalSection(ProjectConfigurationPlatforms) = postSolution
		{B58D1CBF-EEBE-4B15-9D67-15E59ACB0809}.Debug|Any CPU.ActiveCfg = Debug|Any CPU
		{B58D1CBF-EEBE-4B15-9D67-15E59ACB0809}.Debug|Any CPU.Build.0 = Debug|Any CPU
		{B58D1CBF-EEBE-4B15-9D67-15E59ACB0809}.Debug|x64.ActiveCfg = Debug|Any CPU
		{B58D1CBF-EEBE-4B15-9D67-15E59ACB0809}.Debug|x64.Build.0 = Debug|Any CPU
		{B58D1CBF-EEBE-4B15-9D67-15E59ACB0809}.Debug|x86.ActiveCfg = Debug|Any CPU
		{B58D1CBF-EEBE-4B15-9D67-15E59ACB0809}.Debug|x86.Build.0 = Debug|Any CPU
		{B58D1CBF-EEBE-4B15-9D67-15E59ACB0809}.Release|Any CPU.ActiveCfg = Release|Any CPU
		{B58D1CBF-EEBE-4B15-9D67-15E59ACB0809}.Release|Any CPU.Build.0 = Release|Any CPU
		{B58D1CBF-EEBE-4B15-9D67-15E59ACB0809}.Release|x64.ActiveCfg = Release|Any CPU
		{B58D1CBF-EEBE-4B15-9D67-15E59ACB0809}.Release|x64.Build.0 = Release|Any CPU
		{B58D1CBF-EEBE-4B15-9D67-15E59ACB0809}.Release|x86.ActiveCfg = Release|Any CPU
		{B58D1CBF-EEBE-4B15-9D67-15E59ACB0809}.Release|x86.Build.0 = Release|Any CPU
		{24AFE42D-F77D-480B-973A-3F8EB1BE9933}.Debug|Any CPU.ActiveCfg = Debug|Any CPU
		{24AFE42D-F77D-480B-973A-3F8EB1BE9933}.Debug|Any CPU.Build.0 = Debug|Any CPU
		{24AFE42D-F77D-480B-973A-3F8EB1BE9933}.Debug|x64.ActiveCfg = Debug|Any CPU
		{24AFE42D-F77D-480B-973A-3F8EB1BE9933}.Debug|x64.Build.0 = Debug|Any CPU
		{24AFE42D-F77D-480B-973A-3F8EB1BE9933}.Debug|x86.ActiveCfg = Debug|Any CPU
		{24AFE42D-F77D-480B-973A-3F8EB1BE9933}.Debug|x86.Build.0 = Debug|Any CPU
		{24AFE42D-F77D-480B-973A-3F8EB1BE9933}.Release|Any CPU.ActiveCfg = Release|Any CPU
		{24AFE42D-F77D-480B-973A-3F8EB1BE9933}.Release|Any CPU.Build.0 = Release|Any CPU
		{24AFE42D-F77D-480B-973A-3F8EB1BE9933}.Release|x64.ActiveCfg = Release|Any CPU
		{24AFE42D-F77D-480B-973A-3F8EB1BE9933}.Release|x64.Build.0 = Release|Any CPU
		{24AFE42D-F77D-480B-973A-3F8EB1BE9933}.Release|x86.ActiveCfg = Release|Any CPU
		{24AFE42D-F77D-480B-973A-3F8EB1BE9933}.Release|x86.Build.0 = Release|Any CPU
		{0394B486-F026-42A3-BA46-FA078E692706}.Debug|Any CPU.ActiveCfg = Debug|Any CPU
		{0394B486-F026-42A3-BA46-FA078E692706}.Debug|Any CPU.Build.0 = Debug|Any CPU
		{0394B486-F026-42A3-BA46-FA078E692706}.Debug|x64.ActiveCfg = Debug|Any CPU
		{0394B486-F026-42A3-BA46-FA078E692706}.Debug|x64.Build.0 = Debug|Any CPU
		{0394B486-F026-42A3-BA46-FA078E692706}.Debug|x86.ActiveCfg = Debug|Any CPU
		{0394B486-F026-42A3-BA46-FA078E692706}.Debug|x86.Build.0 = Debug|Any CPU
		{0394B486-F026-42A3-BA46-FA078E692706}.Release|Any CPU.ActiveCfg = Release|Any CPU
		{0394B486-F026-42A3-BA46-FA078E692706}.Release|Any CPU.Build.0 = Release|Any CPU
		{0394B486-F026-42A3-BA46-FA078E692706}.Release|x64.ActiveCfg = Release|Any CPU
		{0394B486-F026-42A3-BA46-FA078E692706}.Release|x64.Build.0 = Release|Any CPU
		{0394B486-F026-42A3-BA46-FA078E692706}.Release|x86.ActiveCfg = Release|Any CPU
		{0394B486-F026-42A3-BA46-FA078E692706}.Release|x86.Build.0 = Release|Any CPU
		{826DADDD-0458-4D5E-BF8B-8A2D5DFD0DEE}.Debug|Any CPU.ActiveCfg = Debug|Any CPU
		{826DADDD-0458-4D5E-BF8B-8A2D5DFD0DEE}.Debug|Any CPU.Build.0 = Debug|Any CPU
		{826DADDD-0458-4D5E-BF8B-8A2D5DFD0DEE}.Debug|x64.ActiveCfg = Debug|Any CPU
		{826DADDD-0458-4D5E-BF8B-8A2D5DFD0DEE}.Debug|x64.Build.0 = Debug|Any CPU
		{826DADDD-0458-4D5E-BF8B-8A2D5DFD0DEE}.Debug|x86.ActiveCfg = Debug|Any CPU
		{826DADDD-0458-4D5E-BF8B-8A2D5DFD0DEE}.Debug|x86.Build.0 = Debug|Any CPU
		{826DADDD-0458-4D5E-BF8B-8A2D5DFD0DEE}.Release|Any CPU.ActiveCfg = Release|Any CPU
		{826DADDD-0458-4D5E-BF8B-8A2D5DFD0DEE}.Release|Any CPU.Build.0 = Release|Any CPU
		{826DADDD-0458-4D5E-BF8B-8A2D5DFD0DEE}.Release|x64.ActiveCfg = Release|Any CPU
		{826DADDD-0458-4D5E-BF8B-8A2D5DFD0DEE}.Release|x64.Build.0 = Release|Any CPU
		{826DADDD-0458-4D5E-BF8B-8A2D5DFD0DEE}.Release|x86.ActiveCfg = Release|Any CPU
		{826DADDD-0458-4D5E-BF8B-8A2D5DFD0DEE}.Release|x86.Build.0 = Release|Any CPU
		{7DEA6A04-327F-4717-B6F2-1FDE0DFBC936}.Debug|Any CPU.ActiveCfg = Debug|Any CPU
		{7DEA6A04-327F-4717-B6F2-1FDE0DFBC936}.Debug|Any CPU.Build.0 = Debug|Any CPU
		{7DEA6A04-327F-4717-B6F2-1FDE0DFBC936}.Debug|x64.ActiveCfg = Debug|Any CPU
		{7DEA6A04-327F-4717-B6F2-1FDE0DFBC936}.Debug|x64.Build.0 = Debug|Any CPU
		{7DEA6A04-327F-4717-B6F2-1FDE0DFBC936}.Debug|x86.ActiveCfg = Debug|Any CPU
		{7DEA6A04-327F-4717-B6F2-1FDE0DFBC936}.Debug|x86.Build.0 = Debug|Any CPU
		{7DEA6A04-327F-4717-B6F2-1FDE0DFBC936}.Release|Any CPU.ActiveCfg = Release|Any CPU
		{7DEA6A04-327F-4717-B6F2-1FDE0DFBC936}.Release|Any CPU.Build.0 = Release|Any CPU
		{7DEA6A04-327F-4717-B6F2-1FDE0DFBC936}.Release|x64.ActiveCfg = Release|Any CPU
		{7DEA6A04-327F-4717-B6F2-1FDE0DFBC936}.Release|x64.Build.0 = Release|Any CPU
		{7DEA6A04-327F-4717-B6F2-1FDE0DFBC936}.Release|x86.ActiveCfg = Release|Any CPU
		{7DEA6A04-327F-4717-B6F2-1FDE0DFBC936}.Release|x86.Build.0 = Release|Any CPU
		{116A19DF-71D5-4522-A62D-6F156D407240}.Debug|Any CPU.ActiveCfg = Debug|Any CPU
		{116A19DF-71D5-4522-A62D-6F156D407240}.Debug|Any CPU.Build.0 = Debug|Any CPU
		{116A19DF-71D5-4522-A62D-6F156D407240}.Debug|x64.ActiveCfg = Debug|Any CPU
		{116A19DF-71D5-4522-A62D-6F156D407240}.Debug|x64.Build.0 = Debug|Any CPU
		{116A19DF-71D5-4522-A62D-6F156D407240}.Debug|x86.ActiveCfg = Debug|Any CPU
		{116A19DF-71D5-4522-A62D-6F156D407240}.Debug|x86.Build.0 = Debug|Any CPU
		{116A19DF-71D5-4522-A62D-6F156D407240}.Release|Any CPU.ActiveCfg = Release|Any CPU
		{116A19DF-71D5-4522-A62D-6F156D407240}.Release|Any CPU.Build.0 = Release|Any CPU
		{116A19DF-71D5-4522-A62D-6F156D407240}.Release|x64.ActiveCfg = Release|Any CPU
		{116A19DF-71D5-4522-A62D-6F156D407240}.Release|x64.Build.0 = Release|Any CPU
		{116A19DF-71D5-4522-A62D-6F156D407240}.Release|x86.ActiveCfg = Release|Any CPU
		{116A19DF-71D5-4522-A62D-6F156D407240}.Release|x86.Build.0 = Release|Any CPU
		{AEB380D8-A5B0-4D40-BB7A-9AA7CD9B1C92}.Debug|Any CPU.ActiveCfg = Debug|Any CPU
		{AEB380D8-A5B0-4D40-BB7A-9AA7CD9B1C92}.Debug|Any CPU.Build.0 = Debug|Any CPU
		{AEB380D8-A5B0-4D40-BB7A-9AA7CD9B1C92}.Debug|x64.ActiveCfg = Debug|Any CPU
		{AEB380D8-A5B0-4D40-BB7A-9AA7CD9B1C92}.Debug|x64.Build.0 = Debug|Any CPU
		{AEB380D8-A5B0-4D40-BB7A-9AA7CD9B1C92}.Debug|x86.ActiveCfg = Debug|Any CPU
		{AEB380D8-A5B0-4D40-BB7A-9AA7CD9B1C92}.Debug|x86.Build.0 = Debug|Any CPU
		{AEB380D8-A5B0-4D40-BB7A-9AA7CD9B1C92}.Release|Any CPU.ActiveCfg = Release|Any CPU
		{AEB380D8-A5B0-4D40-BB7A-9AA7CD9B1C92}.Release|Any CPU.Build.0 = Release|Any CPU
		{AEB380D8-A5B0-4D40-BB7A-9AA7CD9B1C92}.Release|x64.ActiveCfg = Release|Any CPU
		{AEB380D8-A5B0-4D40-BB7A-9AA7CD9B1C92}.Release|x64.Build.0 = Release|Any CPU
		{AEB380D8-A5B0-4D40-BB7A-9AA7CD9B1C92}.Release|x86.ActiveCfg = Release|Any CPU
		{AEB380D8-A5B0-4D40-BB7A-9AA7CD9B1C92}.Release|x86.Build.0 = Release|Any CPU
	EndGlobalSection
	GlobalSection(SolutionProperties) = preSolution
		HideSolutionNode = FALSE
	EndGlobalSection
	GlobalSection(NestedProjects) = preSolution
		{6306A8FB-679E-111F-6585-8F70E0EE6013} = {827E0CD3-B72D-47B6-A68D-7590B98EB39B}
		{B58D1CBF-EEBE-4B15-9D67-15E59ACB0809} = {6306A8FB-679E-111F-6585-8F70E0EE6013}
		{24AFE42D-F77D-480B-973A-3F8EB1BE9933} = {6306A8FB-679E-111F-6585-8F70E0EE6013}
		{0394B486-F026-42A3-BA46-FA078E692706} = {6306A8FB-679E-111F-6585-8F70E0EE6013}
		{826DADDD-0458-4D5E-BF8B-8A2D5DFD0DEE} = {6306A8FB-679E-111F-6585-8F70E0EE6013}
		{7DEA6A04-327F-4717-B6F2-1FDE0DFBC936} = {6306A8FB-679E-111F-6585-8F70E0EE6013}
		{116A19DF-71D5-4522-A62D-6F156D407240} = {6306A8FB-679E-111F-6585-8F70E0EE6013}
		{AEB380D8-A5B0-4D40-BB7A-9AA7CD9B1C92} = {6306A8FB-679E-111F-6585-8F70E0EE6013}
	EndGlobalSection
EndGlobal
